
Microsoft Visual Studio Solution File, Format Version 12.00
# Visual Studio 15
VisualStudioVersion = 15.0.26228.9
MinimumVisualStudioVersion = 10.0.40219.1
Project("{F184B08F-C81C-45F6-A57F-5ABD9991F28F}") = "DataCapa", "DataCapa\DataCapa.vbproj", "{D12474A0-793F-43C1-BD43-9D624009396D}"
EndProject
Global
	GlobalSection(SolutionConfigurationPlatforms) = preSolution
		Debug|Any CPU = Debug|Any CPU
		Release|Any CPU = Release|Any CPU
	EndGlobalSection
	GlobalSection(ProjectConfigurationPlatforms) = postSolution
		{D12474A0-793F-43C1-BD43-9D624009396D}.Debug|Any CPU.ActiveCfg = Debug|Any CPU
		{D12474A0-793F-43C1-BD43-9D624009396D}.Debug|Any CPU.Build.0 = Debug|Any CPU
		{D12474A0-793F-43C1-BD43-9D624009396D}.Release|Any CPU.ActiveCfg = Release|Any CPU
		{D12474A0-793F-43C1-BD43-9D624009396D}.Release|Any CPU.Build.0 = Release|Any CPU
	EndGlobalSection
	GlobalSection(SolutionProperties) = preSolution
		HideSolutionNode = FALSE
	EndGlobalSection
EndGlobal
